{
  "name": "querylang-testdata",
  "version": "1.0.0",
  "lockfileVersion": 1,
  "requires": true,
  "dependencies": {
    "josh_js_util": {
      "version": "0.0.9",
      "resolved": "https://registry.npmjs.org/josh_js_util/-/josh_js_util-0.0.9.tgz",
      "integrity": "sha512-KhG39TcFuJfSIVHfnPJKsKRWV7etYDdzKnnPriBYcOhthsyR+mrqcu+Sju6hZMBT9ZMHDk7t/lcFeYxwuEFNmw==",
      "requires": {
        "typescript": "^4.7.4"
      }
    },
    "josh_node_util": {
      "version": "0.0.4",
      "resolved": "https://registry.npmjs.org/josh_node_util/-/josh_node_util-0.0.4.tgz",
      "integrity": "sha512-gCW4ulOcSSfreYOgpiHwkzA6UR8fUDmbH5g3cPuFbwlmWFOKwMfLdbMWCS2D/kmxia1SugZ0JuCWjEluo6xYFA=="
    },
    "typescript": {
      "version": "4.8.3",
      "resolved": "https://registry.npmjs.org/typescript/-/typescript-4.8.3.tgz",
      "integrity": "sha512-goMHfm00nWPa8UvR/CPSvykqf6dVV8x/dp0c5mFTMTIu0u0FlGWRioyy7Nn0PGAdHxpJZnuO/ut+PpQ8UiHAig=="
    }
  }
}
